# This file is automatically @generated by Cargo.
# It is not intended for manual editing.
version = 3

[[package]]
name = "game_of_life"
version = "0.1.0"
dependencies = [
 "hsv",
]

[[package]]
name = "hsv"
version = "0.1.1"
source = "registry+https://github.com/rust-lang/crates.io-index"
checksum = "a03664f940932e7453c5f1dd0ce278a7af2ff47d440fad00f679b4f5bf0da869"
